
Microsoft Visual Studio Solution File, Format Version 12.00
# Visual Studio Version 16
VisualStudioVersion = 16.0.30907.101
MinimumVisualStudioVersion = 10.0.40219.1
Project("{FAE04EC0-301F-11D3-BF4B-00C04F79EFBC}") = "LinkedListProj", "LinkedListProj.csproj", "{AE99A768-2F44-470C-B9A2-C73E9726A76A}"
EndProject
Global
	GlobalSection(SolutionConfigurationPlatforms) = preSolution
		Debug|Any CPU = Debug|Any CPU
		Release|Any CPU = Release|Any CPU
	EndGlobalSection
	GlobalSection(ProjectConfigurationPlatforms) = postSolution
		{AE99A768-2F44-470C-B9A2-C73E9726A76A}.Debug|Any CPU.ActiveCfg = Debug|Any CPU
		{AE99A768-2F44-470C-B9A2-C73E9726A76A}.Debug|Any CPU.Build.0 = Debug|Any CPU
		{AE99A768-2F44-470C-B9A2-C73E9726A76A}.Release|Any CPU.ActiveCfg = Release|Any CPU
		{AE99A768-2F44-470C-B9A2-C73E9726A76A}.Release|Any CPU.Build.0 = Release|Any CPU
	EndGlobalSection
	GlobalSection(SolutionProperties) = preSolution
		HideSolutionNode = FALSE
	EndGlobalSection
	GlobalSection(ExtensibilityGlobals) = postSolution
		SolutionGuid = {62ACD1BE-5FAD-46D6-8479-DD2042274F4C}
	EndGlobalSection
EndGlobal
